
Microsoft Visual Studio Solution File, Format Version 12.00
# Visual Studio 14
VisualStudioVersion = 14.0.25420.1
MinimumVisualStudioVersion = 10.0.40219.1
Project("{FAE04EC0-301F-11D3-BF4B-00C04F79EFBC}") = "1.随机获得10个学生的等级", "1.随机获得10个学生的等级.csproj", "{56AB16A1-68A4-48C1-93A4-A89FA5957DDA}"
EndProject
Global
	GlobalSection(SolutionConfigurationPlatforms) = preSolution
		Debug|Any CPU = Debug|Any CPU
		Release|Any CPU = Release|Any CPU
	EndGlobalSection
	GlobalSection(ProjectConfigurationPlatforms) = postSolution
		{56AB16A1-68A4-48C1-93A4-A89FA5957DDA}.Debug|Any CPU.ActiveCfg = Debug|Any CPU
		{56AB16A1-68A4-48C1-93A4-A89FA5957DDA}.Debug|Any CPU.Build.0 = Debug|Any CPU
		{56AB16A1-68A4-48C1-93A4-A89FA5957DDA}.Release|Any CPU.ActiveCfg = Release|Any CPU
		{56AB16A1-68A4-48C1-93A4-A89FA5957DDA}.Release|Any CPU.Build.0 = Release|Any CPU
	EndGlobalSection
	GlobalSection(SolutionProperties) = preSolution
		HideSolutionNode = FALSE
	EndGlobalSection
EndGlobal
